
Microsoft Visual Studio Solution File, Format Version 12.00
# Visual Studio Version 16
VisualStudioVersion = 16.0.28407.52
MinimumVisualStudioVersion = 10.0.40219.1
Project("{9A19103F-16F7-4668-BE54-9A1E7A4F7556}") = "LCUSharp", "LCUSharp\LCUSharp.csproj", "{919961C7-FFB2-482F-8013-793CA02AB86A}"
EndProject
Global
	GlobalSection(SolutionConfigurationPlatforms) = preSolution
		Debug|Any CPU = Debug|Any CPU
		Release|Any CPU = Release|Any CPU
	EndGlobalSection
	GlobalSection(ProjectConfigurationPlatforms) = postSolution
		{919961C7-FFB2-482F-8013-793CA02AB86A}.Debug|Any CPU.ActiveCfg = Debug|Any CPU
		{919961C7-FFB2-482F-8013-793CA02AB86A}.Debug|Any CPU.Build.0 = Debug|Any CPU
		{919961C7-FFB2-482F-8013-793CA02AB86A}.Release|Any CPU.ActiveCfg = Release|Any CPU
		{919961C7-FFB2-482F-8013-793CA02AB86A}.Release|Any CPU.Build.0 = Release|Any CPU
	EndGlobalSection
	GlobalSection(SolutionProperties) = preSolution
		HideSolutionNode = FALSE
	EndGlobalSection
	GlobalSection(ExtensibilityGlobals) = postSolution
		SolutionGuid = {714AD3EF-DB23-4458-B786-603827B4E228}
	EndGlobalSection
EndGlobal
